<Project xmlns="http://schemas.microsoft.com/developer/msbuild/2003">
  <PropertyGroup>
    <ProjectGuid>{5B706981-70D2-47EF-91C6-2C874857F944}</ProjectGuid>
    <ProjectVersion>20.0</ProjectVersion>
    <FrameworkType>None</FrameworkType>
    <MainSource>DelphiAMQP.Tests.IntegrationRabbitMQ.dpr</MainSource>
    <Base>True</Base>
    <Config Condition="'$(Config)'==''">Debug</Config>
    <TargetedPlatforms>2</TargetedPlatforms>
    <AppType>Console</AppType>
  </PropertyGroup>
  <PropertyGroup Condition="'$(Base)'!=''">
    <DCC_Namespace>System;Xml;Data;Datasnap;Web;Soap;Winapi;Vcl;$(DCC_Namespace)</DCC_Namespace>
    <DCC_UsePackage>rtl;vcl;$(DCC_UsePackage)</DCC_UsePackage>
    <DCC_UnitSearchPath>..\..\src;$(DCC_UnitSearchPath)</DCC_UnitSearchPath>
  </PropertyGroup>
  <PropertyGroup Condition="'$(Config)'=='Debug'">
    <CfgParent>Base</CfgParent>
    <Base>true</Base>
  </PropertyGroup>
  <PropertyGroup Condition="'$(Config)'=='Release'">
    <CfgParent>Base</CfgParent>
    <Base>true</Base>
  </PropertyGroup>
  <ItemGroup>
    <DelphiCompile Include="$(MainSource)">
      <MainSource>MainSource</MainSource>
    </DelphiCompile>
    <DCCReference Include="..\..\src\DelphiAMQP.pas"/>
    <DCCReference Include="..\..\src\DelphiAMQP.Types.pas"/>
    <DCCReference Include="..\..\src\DelphiAMQP.Interfaces.pas"/>
    <DCCReference Include="..\..\src\DelphiAMQP.Options.pas"/>
    <DCCReference Include="..\..\src\DelphiAMQP.Message.pas"/>
    <DCCReference Include="..\..\src\DelphiAMQP.Logging.pas"/>
    <DCCReference Include="..\..\src\DelphiAMQP.Factory.pas"/>
    <DCCReference Include="..\..\src\DelphiAMQP.Connection.pas"/>
    <DCCReference Include="..\..\src\DelphiAMQP.Channel.pas"/>
    <DCCReference Include="..\..\src\DelphiAMQP.Consumer.pas"/>
    <DCCReference Include="..\..\src\DelphiAMQP.Internal.Session.pas"/>
    <DCCReference Include="..\..\src\DelphiAMQP.Transport.Tcp.pas"/>
    <DCCReference Include="..\..\src\DelphiAMQP.Protocol.Frame.pas"/>
    <DCCReference Include="..\..\src\DelphiAMQP.Protocol.Methods.pas"/>
  </ItemGroup>
  <ProjectExtensions>
    <Borland.Personality>Delphi.Personality.12</Borland.Personality>
    <Borland.ProjectType>Application</Borland.ProjectType>
    <BorlandProject>
      <Delphi.Personality>
        <Source>
          <Source Name="MainSource">DelphiAMQP.Tests.IntegrationRabbitMQ.dpr</Source>
        </Source>
      </Delphi.Personality>
    </BorlandProject>
  </ProjectExtensions>
  <Import Project="$(BDS)\Bin\CodeGear.Delphi.Targets" Condition="Exists('$(BDS)\Bin\CodeGear.Delphi.Targets')"/>
</Project>
