<Project xmlns="http://schemas.microsoft.com/developer/msbuild/2003">
    <PropertyGroup>
        <ProjectGuid>{B9E2DE9E-9FB0-4C5A-B022-901C5E6D04BC}</ProjectGuid>
        <ProjectVersion>20.1</ProjectVersion>
        <FrameworkType>VCL</FrameworkType>
        <MainSource>DelphiAMQP.Example.VclQueueManager.dpr</MainSource>
        <Base>True</Base>
        <Config Condition="'$(Config)'==''">Base</Config>
        <Platform Condition="'$(Platform)'==''">Win64</Platform>
        <TargetedPlatforms>3</TargetedPlatforms>
        <AppType>Application</AppType>
        <ProjectName Condition="'$(ProjectName)'==''">DelphiAMQP.Example.VclQueueManager</ProjectName>
    </PropertyGroup>
    <PropertyGroup Condition="'$(Config)'=='Base' or '$(Base)'!=''">
        <Base>true</Base>
    </PropertyGroup>
    <PropertyGroup Condition="('$(Platform)'=='Win32' and '$(Base)'=='true') or '$(Base_Win32)'!=''">
        <Base_Win32>true</Base_Win32>
        <CfgParent>Base</CfgParent>
        <Base>true</Base>
    </PropertyGroup>
    <PropertyGroup Condition="('$(Platform)'=='Win64' and '$(Base)'=='true') or '$(Base_Win64)'!=''">
        <Base_Win64>true</Base_Win64>
        <CfgParent>Base</CfgParent>
        <Base>true</Base>
    </PropertyGroup>
    <PropertyGroup Condition="'$(Base)'!=''">
        <DCC_Namespace>System;Xml;Data;Datasnap;Web;Soap;Vcl;Winapi;$(DCC_Namespace)</DCC_Namespace>
        <DCC_UsePackage>rtl;vcl;$(DCC_UsePackage)</DCC_UsePackage>
        <DCC_UnitSearchPath>..\..\src;$(DCC_UnitSearchPath)</DCC_UnitSearchPath>
        <SanitizedProjectName>DelphiAMQP_Example_VclQueueManager</SanitizedProjectName>
    </PropertyGroup>
    <PropertyGroup Condition="'$(Base_Win32)'!=''">
        <BT_BuildType>Debug</BT_BuildType>
    </PropertyGroup>
    <PropertyGroup Condition="'$(Base_Win64)'!=''">
        <BT_BuildType>Debug</BT_BuildType>
    </PropertyGroup>
    <ItemGroup>
        <DelphiCompile Include="$(MainSource)">
            <MainSource>MainSource</MainSource>
        </DelphiCompile>
        <DCCReference Include="MainForm.pas"/>
        <DCCReference Include="..\..\src\DelphiAMQP.pas"/>
        <DCCReference Include="..\..\src\DelphiAMQP.Types.pas"/>
        <DCCReference Include="..\..\src\DelphiAMQP.Interfaces.pas"/>
        <DCCReference Include="..\..\src\DelphiAMQP.Options.pas"/>
        <DCCReference Include="..\..\src\DelphiAMQP.Message.pas"/>
        <DCCReference Include="..\..\src\DelphiAMQP.Logging.pas"/>
        <DCCReference Include="..\..\src\DelphiAMQP.Factory.pas"/>
        <DCCReference Include="..\..\src\DelphiAMQP.Connection.pas"/>
        <DCCReference Include="..\..\src\DelphiAMQP.Channel.pas"/>
        <DCCReference Include="..\..\src\DelphiAMQP.Consumer.pas"/>
        <DCCReference Include="..\..\src\DelphiAMQP.Internal.Session.pas"/>
        <DCCReference Include="..\..\src\DelphiAMQP.Transport.Tcp.pas"/>
        <DCCReference Include="..\..\src\DelphiAMQP.Protocol.Frame.pas"/>
        <DCCReference Include="..\..\src\DelphiAMQP.Protocol.Methods.pas"/>
        <BuildConfiguration Include="Base">
            <Key>Base</Key>
        </BuildConfiguration>
    </ItemGroup>
    <ProjectExtensions>
        <Borland.Personality>Delphi.Personality.12</Borland.Personality>
        <Borland.ProjectType>VCLApplication</Borland.ProjectType>
        <BorlandProject>
            <Delphi.Personality>
                <Source>
                    <Source Name="MainSource">DelphiAMQP.Example.VclQueueManager.dpr</Source>
                </Source>
            </Delphi.Personality>
            <Platforms>
                <Platform value="Win32">True</Platform>
                <Platform value="Win64">True</Platform>
            </Platforms>
        </BorlandProject>
        <ProjectFileVersion>12</ProjectFileVersion>
    </ProjectExtensions>
    <Import Project="$(BDS)\Bin\CodeGear.Delphi.Targets" Condition="Exists('$(BDS)\Bin\CodeGear.Delphi.Targets')"/>
    <Import Project="$(APPDATA)\Embarcadero\$(BDSAPPDATABASEDIR)\$(PRODUCTVERSION)\UserTools.proj" Condition="Exists('$(APPDATA)\Embarcadero\$(BDSAPPDATABASEDIR)\$(PRODUCTVERSION)\UserTools.proj')"/>
</Project>
